
Microsoft Visual Studio Solution File, Format Version 12.00
# Visual Studio Version 17
VisualStudioVersion = 17.0.31912.275
MinimumVisualStudioVersion = 10.0.40219.1
Project("{9A19103F-16F7-4668-BE54-9A1E7A4F7556}") = "ClangNet", "ClangNet\ClangNet.csproj", "{12A55309-8427-4B9F-9996-462BA004C1F4}"
EndProject
Project("{9A19103F-16F7-4668-BE54-9A1E7A4F7556}") = "ClangNet.Samples", "ClangNet.Samples\ClangNet.Samples.csproj", "{4E7CD229-2360-40F7-9FF8-02E6B3A5F633}"
EndProject
Project("{9A19103F-16F7-4668-BE54-9A1E7A4F7556}") = "ClangNet.CUI", "ClangNet.CUI\ClangNet.CUI.csproj", "{BC19FF49-C386-4976-A50F-ED08920D5DA8}"
EndProject
Project("{2150E333-8FDC-42A3-9474-1A3956D46DE8}") = "Solution Items", "Solution Items", "{6BDB1C7A-714B-4759-9F90-95E655CDDD25}"
	ProjectSection(SolutionItems) = preProject
		Licenses.txt = Licenses.txt
	EndProjectSection
EndProject
Project("{8BC9CEB8-8B4A-11D0-8D11-00A0C91BC942}") = "ClangNet.CppSamples", "ClangNet.CppSamples\ClangNet.CppSamples.vcxproj", "{F2AF0FD5-A20C-40C1-8A6E-58B0789BEFFD}"
EndProject
Global
	GlobalSection(SolutionConfigurationPlatforms) = preSolution
		Debug|Any CPU = Debug|Any CPU
		Debug|x64 = Debug|x64
		Debug|x86 = Debug|x86
		Release|Any CPU = Release|Any CPU
		Release|x64 = Release|x64
		Release|x86 = Release|x86
	EndGlobalSection
	GlobalSection(ProjectConfigurationPlatforms) = postSolution
		{12A55309-8427-4B9F-9996-462BA004C1F4}.Debug|Any CPU.ActiveCfg = Debug|Any CPU
		{12A55309-8427-4B9F-9996-462BA004C1F4}.Debug|Any CPU.Build.0 = Debug|Any CPU
		{12A55309-8427-4B9F-9996-462BA004C1F4}.Debug|x64.ActiveCfg = Debug|Any CPU
		{12A55309-8427-4B9F-9996-462BA004C1F4}.Debug|x64.Build.0 = Debug|Any CPU
		{12A55309-8427-4B9F-9996-462BA004C1F4}.Debug|x86.ActiveCfg = Debug|Any CPU
		{12A55309-8427-4B9F-9996-462BA004C1F4}.Debug|x86.Build.0 = Debug|Any CPU
		{12A55309-8427-4B9F-9996-462BA004C1F4}.Release|Any CPU.ActiveCfg = Release|Any CPU
		{12A55309-8427-4B9F-9996-462BA004C1F4}.Release|Any CPU.Build.0 = Release|Any CPU
		{12A55309-8427-4B9F-9996-462BA004C1F4}.Release|x64.ActiveCfg = Release|Any CPU
		{12A55309-8427-4B9F-9996-462BA004C1F4}.Release|x64.Build.0 = Release|Any CPU
		{12A55309-8427-4B9F-9996-462BA004C1F4}.Release|x86.ActiveCfg = Release|Any CPU
		{12A55309-8427-4B9F-9996-462BA004C1F4}.Release|x86.Build.0 = Release|Any CPU
		{4E7CD229-2360-40F7-9FF8-02E6B3A5F633}.Debug|Any CPU.ActiveCfg = Debug|Any CPU
		{4E7CD229-2360-40F7-9FF8-02E6B3A5F633}.Debug|Any CPU.Build.0 = Debug|Any CPU
		{4E7CD229-2360-40F7-9FF8-02E6B3A5F633}.Debug|x64.ActiveCfg = Debug|Any CPU
		{4E7CD229-2360-40F7-9FF8-02E6B3A5F633}.Debug|x64.Build.0 = Debug|Any CPU
		{4E7CD229-2360-40F7-9FF8-02E6B3A5F633}.Debug|x86.ActiveCfg = Debug|Any CPU
		{4E7CD229-2360-40F7-9FF8-02E6B3A5F633}.Debug|x86.Build.0 = Debug|Any CPU
		{4E7CD229-2360-40F7-9FF8-02E6B3A5F633}.Release|Any CPU.ActiveCfg = Release|Any CPU
		{4E7CD229-2360-40F7-9FF8-02E6B3A5F633}.Release|Any CPU.Build.0 = Release|Any CPU
		{4E7CD229-2360-40F7-9FF8-02E6B3A5F633}.Release|x64.ActiveCfg = Release|Any CPU
		{4E7CD229-2360-40F7-9FF8-02E6B3A5F633}.Release|x64.Build.0 = Release|Any CPU
		{4E7CD229-2360-40F7-9FF8-02E6B3A5F633}.Release|x86.ActiveCfg = Release|Any CPU
		{4E7CD229-2360-40F7-9FF8-02E6B3A5F633}.Release|x86.Build.0 = Release|Any CPU
		{BC19FF49-C386-4976-A50F-ED08920D5DA8}.Debug|Any CPU.ActiveCfg = Debug|Any CPU
		{BC19FF49-C386-4976-A50F-ED08920D5DA8}.Debug|Any CPU.Build.0 = Debug|Any CPU
		{BC19FF49-C386-4976-A50F-ED08920D5DA8}.Debug|x64.ActiveCfg = Debug|Any CPU
		{BC19FF49-C386-4976-A50F-ED08920D5DA8}.Debug|x64.Build.0 = Debug|Any CPU
		{BC19FF49-C386-4976-A50F-ED08920D5DA8}.Debug|x86.ActiveCfg = Debug|Any CPU
		{BC19FF49-C386-4976-A50F-ED08920D5DA8}.Debug|x86.Build.0 = Debug|Any CPU
		{BC19FF49-C386-4976-A50F-ED08920D5DA8}.Release|Any CPU.ActiveCfg = Release|Any CPU
		{BC19FF49-C386-4976-A50F-ED08920D5DA8}.Release|Any CPU.Build.0 = Release|Any CPU
		{BC19FF49-C386-4976-A50F-ED08920D5DA8}.Release|x64.ActiveCfg = Release|Any CPU
		{BC19FF49-C386-4976-A50F-ED08920D5DA8}.Release|x64.Build.0 = Release|Any CPU
		{BC19FF49-C386-4976-A50F-ED08920D5DA8}.Release|x86.ActiveCfg = Release|Any CPU
		{BC19FF49-C386-4976-A50F-ED08920D5DA8}.Release|x86.Build.0 = Release|Any CPU
		{F2AF0FD5-A20C-40C1-8A6E-58B0789BEFFD}.Debug|Any CPU.ActiveCfg = Debug|Win32
		{F2AF0FD5-A20C-40C1-8A6E-58B0789BEFFD}.Debug|x64.ActiveCfg = Debug|x64
		{F2AF0FD5-A20C-40C1-8A6E-58B0789BEFFD}.Debug|x64.Build.0 = Debug|x64
		{F2AF0FD5-A20C-40C1-8A6E-58B0789BEFFD}.Debug|x86.ActiveCfg = Debug|Win32
		{F2AF0FD5-A20C-40C1-8A6E-58B0789BEFFD}.Debug|x86.Build.0 = Debug|Win32
		{F2AF0FD5-A20C-40C1-8A6E-58B0789BEFFD}.Release|Any CPU.ActiveCfg = Release|Win32
		{F2AF0FD5-A20C-40C1-8A6E-58B0789BEFFD}.Release|x64.ActiveCfg = Release|x64
		{F2AF0FD5-A20C-40C1-8A6E-58B0789BEFFD}.Release|x64.Build.0 = Release|x64
		{F2AF0FD5-A20C-40C1-8A6E-58B0789BEFFD}.Release|x86.ActiveCfg = Release|Win32
		{F2AF0FD5-A20C-40C1-8A6E-58B0789BEFFD}.Release|x86.Build.0 = Release|Win32
	EndGlobalSection
	GlobalSection(SolutionProperties) = preSolution
		HideSolutionNode = FALSE
	EndGlobalSection
	GlobalSection(ExtensibilityGlobals) = postSolution
		SolutionGuid = {56B51122-9E8F-43A1-B049-6EC6C30A8CD2}
	EndGlobalSection
EndGlobal
